
Microsoft Visual Studio Solution File, Format Version 12.00
# Visual Studio 15
VisualStudioVersion = 15.0.28307.168
MinimumVisualStudioVersion = 10.0.40219.1
Project("{FAE04EC0-301F-11D3-BF4B-00C04F79EFBC}") = "Factory_Demo", "Factory_Demo\Factory_Demo.csproj", "{39F60B1D-C712-445B-A223-2B6B21347841}"
EndProject
Global
	GlobalSection(SolutionConfigurationPlatforms) = preSolution
		Debug|Any CPU = Debug|Any CPU
		Release|Any CPU = Release|Any CPU
	EndGlobalSection
	GlobalSection(ProjectConfigurationPlatforms) = postSolution
		{39F60B1D-C712-445B-A223-2B6B21347841}.Debug|Any CPU.ActiveCfg = Debug|Any CPU
		{39F60B1D-C712-445B-A223-2B6B21347841}.Debug|Any CPU.Build.0 = Debug|Any CPU
		{39F60B1D-C712-445B-A223-2B6B21347841}.Release|Any CPU.ActiveCfg = Release|Any CPU
		{39F60B1D-C712-445B-A223-2B6B21347841}.Release|Any CPU.Build.0 = Release|Any CPU
	EndGlobalSection
	GlobalSection(SolutionProperties) = preSolution
		HideSolutionNode = FALSE
	EndGlobalSection
	GlobalSection(ExtensibilityGlobals) = postSolution
		SolutionGuid = {79138F4B-FC49-4C5F-82C5-39D136480C19}
	EndGlobalSection
EndGlobal
